{
  "name": "mindguess",
  "version": "0.1.0",
  "lockfileVersion": 3,
  "requires": true,
  "packages": {
    "": {
      "name": "mindguess",
      "version": "0.1.0",
      "license": "UNLICENSED",
      "workspaces": [
        "packages/*"
      ],
      "devDependencies": {
        "typescript": "5.9.2"
      },
      "engines": {
        "node": ">=22"
      }
    },
    "node_modules/@mindguess/entity-schema": {
      "resolved": "packages/entity-schema",
      "link": true
    },
    "node_modules/@mindguess/game-engine": {
      "resolved": "packages/game-engine",
      "link": true
    },
    "node_modules/@mindguess/shared-types": {
      "resolved": "packages/shared-types",
      "link": true
    },
    "node_modules/typescript": {
      "version": "5.9.2",
      "resolved": "https://registry.npmjs.org/typescript/-/typescript-5.9.2.tgz",
      "integrity": "sha512-CWBzXQrc/qOkhidw1OzBTQuYRbfyxDXJMVJ1XNwUHGROVmuaeiEm3OslpZ1RV96d7SKKjZKrSJu3+t/xlw3R9A==",
      "dev": true,
      "license": "Apache-2.0",
      "bin": {
        "tsc": "bin/tsc",
        "tsserver": "bin/tsserver"
      },
      "engines": {
        "node": ">=14.17"
      }
    },
    "node_modules/zod": {
      "version": "4.1.12",
      "resolved": "https://registry.npmjs.org/zod/-/zod-4.1.12.tgz",
      "integrity": "sha512-JInaHOamG8pt5+Ey8kGmdcAcg3OL9reK8ltczgHTAwNhMys/6ThXHityHxVV2p3fkw/c+MAvBHFVYHFZDmjMCQ==",
      "license": "MIT",
      "funding": {
        "url": "https://github.com/sponsors/colinhacks"
      }
    },
    "packages/entity-schema": {
      "name": "@mindguess/entity-schema",
      "version": "0.1.0",
      "dependencies": {
        "@mindguess/shared-types": "0.1.0",
        "zod": "4.1.12"
      }
    },
    "packages/game-engine": {
      "name": "@mindguess/game-engine",
      "version": "0.1.0",
      "dependencies": {
        "@mindguess/entity-schema": "0.1.0"
      }
    },
    "packages/shared-types": {
      "name": "@mindguess/shared-types",
      "version": "0.1.0"
    }
  }
}
